
Microsoft Visual Studio Solution File, Format Version 12.00
# Visual Studio Version 16
VisualStudioVersion = 16.0.30309.148
MinimumVisualStudioVersion = 10.0.40219.1
Project("{FAE04EC0-301F-11D3-BF4B-00C04F79EFBC}") = "TestSyncConsole", "TestSyncConsole\TestSyncConsole.csproj", "{146023A6-F1CF-40CA-B3C4-7A7E76E12184}"
EndProject
Global
	GlobalSection(SolutionConfigurationPlatforms) = preSolution
		Debug|Any CPU = Debug|Any CPU
		Release|Any CPU = Release|Any CPU
	EndGlobalSection
	GlobalSection(ProjectConfigurationPlatforms) = postSolution
		{146023A6-F1CF-40CA-B3C4-7A7E76E12184}.Debug|Any CPU.ActiveCfg = Debug|Any CPU
		{146023A6-F1CF-40CA-B3C4-7A7E76E12184}.Debug|Any CPU.Build.0 = Debug|Any CPU
		{146023A6-F1CF-40CA-B3C4-7A7E76E12184}.Release|Any CPU.ActiveCfg = Release|Any CPU
		{146023A6-F1CF-40CA-B3C4-7A7E76E12184}.Release|Any CPU.Build.0 = Release|Any CPU
	EndGlobalSection
	GlobalSection(SolutionProperties) = preSolution
		HideSolutionNode = FALSE
	EndGlobalSection
	GlobalSection(ExtensibilityGlobals) = postSolution
		SolutionGuid = {34786AD3-0A56-4F57-971D-9CB3BB02FD12}
	EndGlobalSection
EndGlobal
